// !$*UTF8*$!
{
	archiveVersion = 1;
	classes = {
	};
	objectVersion = 48;
	objects = {

/* Begin PBXBuildFile section */
		B8CBF41F1FA691AA0029646D /* Main.storyboard in Resources */ = {isa = PBXBuildFile; fileRef = B8CBF41D1FA691A80029646D /* Main.storyboard */; };
		B8CBF4201FA691AA0029646D /* LaunchScreen.storyboard in Resources */ = {isa = PBXBuildFile; fileRef = B8CBF41E1FA691AA0029646D /* LaunchScreen.storyboard */; };
		C92CAFFE1FA89103009FD198 /* The Planet Venus.mp3 in Resources */ = {isa = PBXBuildFile; fileRef = C92CAFFC1FA890F3009FD198 /* The Planet Venus.mp3 */; };
		C92CAFFF1FA89108009FD198 /* The Planet Mercury.mp3 in Resources */ = {isa = PBXBuildFile; fileRef = C92CAFFD1FA890F3009FD198 /* The Planet Mercury.mp3 */; };
		C92CB0071FA89320009FD198 /* The Planet Earth.mp3 in Resources */ = {isa = PBXBuildFile; fileRef = C92CB0021FA892F3009FD198 /* The Planet Earth.mp3 */; };
		C92CB0081FA89320009FD198 /* The Planet Mars.mp3 in Resources */ = {isa = PBXBuildFile; fileRef = C92CB0051FA892F5009FD198 /* The Planet Mars.mp3 */; };
		C92CB0091FA89320009FD198 /* The Planet Jupiter.mp3 in Resources */ = {isa = PBXBuildFile; fileRef = C92CB0031FA892F3009FD198 /* The Planet Jupiter.mp3 */; };
		C92CB00A1FA89320009FD198 /* The Planet Saturn.mp3 in Resources */ = {isa = PBXBuildFile; fileRef = C92CB0041FA892F4009FD198 /* The Planet Saturn.mp3 */; };
		C92CB00B1FA89320009FD198 /* The Planet Neptune.mp3 in Resources */ = {isa = PBXBuildFile; fileRef = C92CB0061FA892F6009FD198 /* The Planet Neptune.mp3 */; };
		C92CB00C1FA89320009FD198 /* The Planet Uranus.mp3 in Resources */ = {isa = PBXBuildFile; fileRef = C92CB0011FA892F2009FD198 /* The Planet Uranus.mp3 */; };
		C92CB00D1FA89320009FD198 /* Pluto's Still A Planet In My Heart.mp3 in Resources */ = {isa = PBXBuildFile; fileRef = C92CB0001FA892F2009FD198 /* Pluto's Still A Planet In My Heart.mp3 */; };
		C92CB00F1FA8BC98009FD198 /* Luna the Moon.mp3 in Resources */ = {isa = PBXBuildFile; fileRef = C92CB00E1FA8BC91009FD198 /* Luna the Moon.mp3 */; };
		C92CB0111FA8BCCD009FD198 /* Deimos the Moon.mp3 in Resources */ = {isa = PBXBuildFile; fileRef = C92CB0101FA8BCC9009FD198 /* Deimos the Moon.mp3 */; };
		C92CB0141FA8BD57009FD198 /* Charon the Moon.mp3 in Resources */ = {isa = PBXBuildFile; fileRef = C92CB0131FA8BD53009FD198 /* Charon the Moon.mp3 */; };
		C92CB0151FA8BD5C009FD198 /* Phobos the Moon.mp3 in Resources */ = {isa = PBXBuildFile; fileRef = C92CB0121FA8BD49009FD198 /* Phobos the Moon.mp3 */; };
		C92CB0181FA9466E009FD198 /* Io the Moon.mp3 in Resources */ = {isa = PBXBuildFile; fileRef = C92CB0161FA94656009FD198 /* Io the Moon.mp3 */; };
		C92CB0191FA9466E009FD198 /* Europa the Moon.mp3 in Resources */ = {isa = PBXBuildFile; fileRef = C92CB0171FA94669009FD198 /* Europa the Moon.mp3 */; };
		C92CB01C1FA94882009FD198 /* Callisto the Moon.mp3 in Resources */ = {isa = PBXBuildFile; fileRef = C92CB01B1FA94799009FD198 /* Callisto the Moon.mp3 */; };
		C92CB01D1FA94885009FD198 /* Ganymede the Moon.mp3 in Resources */ = {isa = PBXBuildFile; fileRef = C92CB01A1FA94704009FD198 /* Ganymede the Moon.mp3 */; };
		C92CB01F1FA94970009FD198 /* Triton the Moon.mp3 in Resources */ = {isa = PBXBuildFile; fileRef = C92CB01E1FA94964009FD198 /* Triton the Moon.mp3 */; };
		C92CB0251FA95664009FD198 /* Titania the Moon.mp3 in Resources */ = {isa = PBXBuildFile; fileRef = C92CB0201FA95623009FD198 /* Titania the Moon.mp3 */; };
		C92CB0261FA95664009FD198 /* Miranda the Moon.mp3 in Resources */ = {isa = PBXBuildFile; fileRef = C92CB0211FA95632009FD198 /* Miranda the Moon.mp3 */; };
		C92CB0271FA95664009FD198 /* Oberon the Moon.mp3 in Resources */ = {isa = PBXBuildFile; fileRef = C92CB0221FA95640009FD198 /* Oberon the Moon.mp3 */; };
		C92CB0281FA95664009FD198 /* Umbriel the Moon.mp3 in Resources */ = {isa = PBXBuildFile; fileRef = C92CB0231FA9564B009FD198 /* Umbriel the Moon.mp3 */; };
		C92CB0291FA95664009FD198 /* Ariel the Moon.mp3 in Resources */ = {isa = PBXBuildFile; fileRef = C92CB0241FA95659009FD198 /* Ariel the Moon.mp3 */; };
		C92CB02E1FA957AC009FD198 /* Titan the Moon.mp3 in Resources */ = {isa = PBXBuildFile; fileRef = C92CB02A1FA9576B009FD198 /* Titan the Moon.mp3 */; };
		C92CB02F1FA957AC009FD198 /* Mimas the Moon.mp3 in Resources */ = {isa = PBXBuildFile; fileRef = C92CB02B1FA95781009FD198 /* Mimas the Moon.mp3 */; };
		C92CB0301FA957AC009FD198 /* Iapetus the Moon.mp3 in Resources */ = {isa = PBXBuildFile; fileRef = C92CB02C1FA9578B009FD198 /* Iapetus the Moon.mp3 */; };
		C92CB0311FA957AC009FD198 /* Enceladus the Moon.mp3 in Resources */ = {isa = PBXBuildFile; fileRef = C92CB02D1FA957A6009FD198 /* Enceladus the Moon.mp3 */; };
		C939F7DB1FA6D8E00041E73F /* The Sun.mp3 in Resources */ = {isa = PBXBuildFile; fileRef = C939F7DA1FA6D8620041E73F /* The Sun.mp3 */; };
		C9443A4A1FBF17A3007E3C4C /* Assets.xcassets in Resources */ = {isa = PBXBuildFile; fileRef = C9443A491FBF17A3007E3C4C /* Assets.xcassets */; };
		C96368401FA663E700E11D2E /* art.scnassets in Resources */ = {isa = PBXBuildFile; fileRef = C963683F1FA663E700E11D2E /* art.scnassets */; };
		C9C156DB1FA4C4D3000D17D7 /* AppDelegate.swift in Sources */ = {isa = PBXBuildFile; fileRef = C9C156DA1FA4C4D3000D17D7 /* AppDelegate.swift */; };
		C9C156DD1FA4C4D3000D17D7 /* ViewController.swift in Sources */ = {isa = PBXBuildFile; fileRef = C9C156DC1FA4C4D3000D17D7 /* ViewController.swift */; };
/* End PBXBuildFile section */

/* Begin PBXFileReference section */
		B8CBF41D1FA691A80029646D /* Main.storyboard */ = {isa = PBXFileReference; fileEncoding = 4; lastKnownFileType = file.storyboard; path = Main.storyboard; sourceTree = "<group>"; };
		B8CBF41E1FA691AA0029646D /* LaunchScreen.storyboard */ = {isa = PBXFileReference; fileEncoding = 4; lastKnownFileType = file.storyboard; path = LaunchScreen.storyboard; sourceTree = "<group>"; };
		C92CAFFC1FA890F3009FD198 /* The Planet Venus.mp3 */ = {isa = PBXFileReference; lastKnownFileType = audio.mp3; path = "The Planet Venus.mp3"; sourceTree = "<group>"; };
		C92CAFFD1FA890F3009FD198 /* The Planet Mercury.mp3 */ = {isa = PBXFileReference; lastKnownFileType = audio.mp3; path = "The Planet Mercury.mp3"; sourceTree = "<group>"; };
		C92CB0001FA892F2009FD198 /* Pluto's Still A Planet In My Heart.mp3 */ = {isa = PBXFileReference; lastKnownFileType = audio.mp3; path = "Pluto's Still A Planet In My Heart.mp3"; sourceTree = "<group>"; };
		C92CB0011FA892F2009FD198 /* The Planet Uranus.mp3 */ = {isa = PBXFileReference; lastKnownFileType = audio.mp3; path = "The Planet Uranus.mp3"; sourceTree = "<group>"; };
		C92CB0021FA892F3009FD198 /* The Planet Earth.mp3 */ = {isa = PBXFileReference; lastKnownFileType = audio.mp3; path = "The Planet Earth.mp3"; sourceTree = "<group>"; };
		C92CB0031FA892F3009FD198 /* The Planet Jupiter.mp3 */ = {isa = PBXFileReference; lastKnownFileType = audio.mp3; path = "The Planet Jupiter.mp3"; sourceTree = "<group>"; };
		C92CB0041FA892F4009FD198 /* The Planet Saturn.mp3 */ = {isa = PBXFileReference; lastKnownFileType = audio.mp3; path = "The Planet Saturn.mp3"; sourceTree = "<group>"; };
		C92CB0051FA892F5009FD198 /* The Planet Mars.mp3 */ = {isa = PBXFileReference; lastKnownFileType = audio.mp3; path = "The Planet Mars.mp3"; sourceTree = "<group>"; };
		C92CB0061FA892F6009FD198 /* The Planet Neptune.mp3 */ = {isa = PBXFileReference; lastKnownFileType = audio.mp3; path = "The Planet Neptune.mp3"; sourceTree = "<group>"; };
		C92CB00E1FA8BC91009FD198 /* Luna the Moon.mp3 */ = {isa = PBXFileReference; lastKnownFileType = audio.mp3; path = "Luna the Moon.mp3"; sourceTree = "<group>"; };
		C92CB0101FA8BCC9009FD198 /* Deimos the Moon.mp3 */ = {isa = PBXFileReference; lastKnownFileType = audio.mp3; path = "Deimos the Moon.mp3"; sourceTree = "<group>"; };
		C92CB0121FA8BD49009FD198 /* Phobos the Moon.mp3 */ = {isa = PBXFileReference; lastKnownFileType = audio.mp3; path = "Phobos the Moon.mp3"; sourceTree = "<group>"; };
		C92CB0131FA8BD53009FD198 /* Charon the Moon.mp3 */ = {isa = PBXFileReference; lastKnownFileType = audio.mp3; path = "Charon the Moon.mp3"; sourceTree = "<group>"; };
		C92CB0161FA94656009FD198 /* Io the Moon.mp3 */ = {isa = PBXFileReference; lastKnownFileType = audio.mp3; path = "Io the Moon.mp3"; sourceTree = "<group>"; };
		C92CB0171FA94669009FD198 /* Europa the Moon.mp3 */ = {isa = PBXFileReference; lastKnownFileType = audio.mp3; path = "Europa the Moon.mp3"; sourceTree = "<group>"; };
		C92CB01A1FA94704009FD198 /* Ganymede the Moon.mp3 */ = {isa = PBXFileReference; lastKnownFileType = audio.mp3; path = "Ganymede the Moon.mp3"; sourceTree = "<group>"; };
		C92CB01B1FA94799009FD198 /* Callisto the Moon.mp3 */ = {isa = PBXFileReference; lastKnownFileType = audio.mp3; path = "Callisto the Moon.mp3"; sourceTree = "<group>"; };
		C92CB01E1FA94964009FD198 /* Triton the Moon.mp3 */ = {isa = PBXFileReference; lastKnownFileType = audio.mp3; path = "Triton the Moon.mp3"; sourceTree = "<group>"; };
		C92CB0201FA95623009FD198 /* Titania the Moon.mp3 */ = {isa = PBXFileReference; lastKnownFileType = audio.mp3; path = "Titania the Moon.mp3"; sourceTree = "<group>"; };
		C92CB0211FA95632009FD198 /* Miranda the Moon.mp3 */ = {isa = PBXFileReference; lastKnownFileType = audio.mp3; path = "Miranda the Moon.mp3"; sourceTree = "<group>"; };
		C92CB0221FA95640009FD198 /* Oberon the Moon.mp3 */ = {isa = PBXFileReference; lastKnownFileType = audio.mp3; path = "Oberon the Moon.mp3"; sourceTree = "<group>"; };
		C92CB0231FA9564B009FD198 /* Umbriel the Moon.mp3 */ = {isa = PBXFileReference; lastKnownFileType = audio.mp3; path = "Umbriel the Moon.mp3"; sourceTree = "<group>"; };
		C92CB0241FA95659009FD198 /* Ariel the Moon.mp3 */ = {isa = PBXFileReference; lastKnownFileType = audio.mp3; path = "Ariel the Moon.mp3"; sourceTree = "<group>"; };
		C92CB02A1FA9576B009FD198 /* Titan the Moon.mp3 */ = {isa = PBXFileReference; lastKnownFileType = audio.mp3; path = "Titan the Moon.mp3"; sourceTree = "<group>"; };
		C92CB02B1FA95781009FD198 /* Mimas the Moon.mp3 */ = {isa = PBXFileReference; lastKnownFileType = audio.mp3; path = "Mimas the Moon.mp3"; sourceTree = "<group>"; };
		C92CB02C1FA9578B009FD198 /* Iapetus the Moon.mp3 */ = {isa = PBXFileReference; lastKnownFileType = audio.mp3; path = "Iapetus the Moon.mp3"; sourceTree = "<group>"; };
		C92CB02D1FA957A6009FD198 /* Enceladus the Moon.mp3 */ = {isa = PBXFileReference; lastKnownFileType = audio.mp3; path = "Enceladus the Moon.mp3"; sourceTree = "<group>"; };
		C939F7DA1FA6D8620041E73F /* The Sun.mp3 */ = {isa = PBXFileReference; lastKnownFileType = audio.mp3; path = "The Sun.mp3"; sourceTree = "<group>"; };
		C9443A491FBF17A3007E3C4C /* Assets.xcassets */ = {isa = PBXFileReference; lastKnownFileType = folder.assetcatalog; name = Assets.xcassets; path = "../../../1.0/The Big Sky Above Us/The Big Sky Above Us/Assets.xcassets"; sourceTree = "<group>"; };
		C963683F1FA663E700E11D2E /* art.scnassets */ = {isa = PBXFileReference; lastKnownFileType = wrapper.scnassets; path = art.scnassets; sourceTree = "<group>"; };
		C9C156D71FA4C4D3000D17D7 /* The Big Sky Above Us.app */ = {isa = PBXFileReference; explicitFileType = wrapper.application; includeInIndex = 0; path = "The Big Sky Above Us.app"; sourceTree = BUILT_PRODUCTS_DIR; };
		C9C156DA1FA4C4D3000D17D7 /* AppDelegate.swift */ = {isa = PBXFileReference; lastKnownFileType = sourcecode.swift; path = AppDelegate.swift; sourceTree = "<group>"; };
		C9C156DC1FA4C4D3000D17D7 /* ViewController.swift */ = {isa = PBXFileReference; lastKnownFileType = sourcecode.swift; path = ViewController.swift; sourceTree = "<group>"; };
		C9C156E61FA4C4D3000D17D7 /* Info.plist */ = {isa = PBXFileReference; lastKnownFileType = text.plist.xml; path = Info.plist; sourceTree = "<group>"; };
/* End PBXFileReference section */

/* Begin PBXFrameworksBuildPhase section */
		C9C156D41FA4C4D3000D17D7 /* Frameworks */ = {
			isa = PBXFrameworksBuildPhase;
			buildActionMask = 2147483647;
			files = (
			);
			runOnlyForDeploymentPostprocessing = 0;
		};
/* End PBXFrameworksBuildPhase section */

/* Begin PBXGroup section */
		C939F7D91FA6D8270041E73F /* Original Soundtrack */ = {
			isa = PBXGroup;
			children = (
				C939F7DA1FA6D8620041E73F /* The Sun.mp3 */,
				C92CAFFD1FA890F3009FD198 /* The Planet Mercury.mp3 */,
				C92CAFFC1FA890F3009FD198 /* The Planet Venus.mp3 */,
				C92CB0021FA892F3009FD198 /* The Planet Earth.mp3 */,
				C92CB00E1FA8BC91009FD198 /* Luna the Moon.mp3 */,
				C92CB0051FA892F5009FD198 /* The Planet Mars.mp3 */,
				C92CB0101FA8BCC9009FD198 /* Deimos the Moon.mp3 */,
				C92CB0121FA8BD49009FD198 /* Phobos the Moon.mp3 */,
				C92CB0031FA892F3009FD198 /* The Planet Jupiter.mp3 */,
				C92CB0161FA94656009FD198 /* Io the Moon.mp3 */,
				C92CB0171FA94669009FD198 /* Europa the Moon.mp3 */,
				C92CB01A1FA94704009FD198 /* Ganymede the Moon.mp3 */,
				C92CB01B1FA94799009FD198 /* Callisto the Moon.mp3 */,
				C92CB0041FA892F4009FD198 /* The Planet Saturn.mp3 */,
				C92CB02A1FA9576B009FD198 /* Titan the Moon.mp3 */,
				C92CB02B1FA95781009FD198 /* Mimas the Moon.mp3 */,
				C92CB02C1FA9578B009FD198 /* Iapetus the Moon.mp3 */,
				C92CB02D1FA957A6009FD198 /* Enceladus the Moon.mp3 */,
				C92CB0061FA892F6009FD198 /* The Planet Neptune.mp3 */,
				C92CB01E1FA94964009FD198 /* Triton the Moon.mp3 */,
				C92CB0011FA892F2009FD198 /* The Planet Uranus.mp3 */,
				C92CB0201FA95623009FD198 /* Titania the Moon.mp3 */,
				C92CB0211FA95632009FD198 /* Miranda the Moon.mp3 */,
				C92CB0221FA95640009FD198 /* Oberon the Moon.mp3 */,
				C92CB0231FA9564B009FD198 /* Umbriel the Moon.mp3 */,
				C92CB0241FA95659009FD198 /* Ariel the Moon.mp3 */,
				C92CB0001FA892F2009FD198 /* Pluto's Still A Planet In My Heart.mp3 */,
				C92CB0131FA8BD53009FD198 /* Charon the Moon.mp3 */,
			);
			path = "Original Soundtrack";
			sourceTree = "<group>";
		};
		C9C156CE1FA4C4D3000D17D7 = {
			isa = PBXGroup;
			children = (
				C9C156D91FA4C4D3000D17D7 /* The Big Sky Above Us */,
				C9C156D81FA4C4D3000D17D7 /* Products */,
			);
			sourceTree = "<group>";
		};
		C9C156D81FA4C4D3000D17D7 /* Products */ = {
			isa = PBXGroup;
			children = (
				C9C156D71FA4C4D3000D17D7 /* The Big Sky Above Us.app */,
			);
			name = Products;
			sourceTree = "<group>";
		};
		C9C156D91FA4C4D3000D17D7 /* The Big Sky Above Us */ = {
			isa = PBXGroup;
			children = (
				C939F7D91FA6D8270041E73F /* Original Soundtrack */,
				C9C156DA1FA4C4D3000D17D7 /* AppDelegate.swift */,
				C9C156DC1FA4C4D3000D17D7 /* ViewController.swift */,
				B8CBF41D1FA691A80029646D /* Main.storyboard */,
				B8CBF41E1FA691AA0029646D /* LaunchScreen.storyboard */,
				C9443A491FBF17A3007E3C4C /* Assets.xcassets */,
				C9C156E61FA4C4D3000D17D7 /* Info.plist */,
				C963683F1FA663E700E11D2E /* art.scnassets */,
			);
			path = "The Big Sky Above Us";
			sourceTree = "<group>";
		};
/* End PBXGroup section */

/* Begin PBXNativeTarget section */
		C9C156D61FA4C4D3000D17D7 /* The Big Sky Above Us */ = {
			isa = PBXNativeTarget;
			buildConfigurationList = C9C156E91FA4C4D3000D17D7 /* Build configuration list for PBXNativeTarget "The Big Sky Above Us" */;
			buildPhases = (
				C9C156D31FA4C4D3000D17D7 /* Sources */,
				C9C156D41FA4C4D3000D17D7 /* Frameworks */,
				C9C156D51FA4C4D3000D17D7 /* Resources */,
			);
			buildRules = (
			);
			dependencies = (
			);
			name = "The Big Sky Above Us";
			productName = "The Big Sky Above Us";
			productReference = C9C156D71FA4C4D3000D17D7 /* The Big Sky Above Us.app */;
			productType = "com.apple.product-type.application";
		};
/* End PBXNativeTarget section */

/* Begin PBXProject section */
		C9C156CF1FA4C4D3000D17D7 /* Project object */ = {
			isa = PBXProject;
			attributes = {
				LastSwiftUpdateCheck = 0900;
				LastUpgradeCheck = 0900;
				ORGANIZATIONNAME = "Near Future Marketing";
				TargetAttributes = {
					C9C156D61FA4C4D3000D17D7 = {
						CreatedOnToolsVersion = 9.0;
						LastSwiftMigration = 1100;
						ProvisioningStyle = Automatic;
					};
				};
			};
			buildConfigurationList = C9C156D21FA4C4D3000D17D7 /* Build configuration list for PBXProject "The Big Sky Above Us" */;
			compatibilityVersion = "Xcode 8.0";
			developmentRegion = en;
			hasScannedForEncodings = 0;
			knownRegions = (
				en,
				Base,
			);
			mainGroup = C9C156CE1FA4C4D3000D17D7;
			productRefGroup = C9C156D81FA4C4D3000D17D7 /* Products */;
			projectDirPath = "";
			projectRoot = "";
			targets = (
				C9C156D61FA4C4D3000D17D7 /* The Big Sky Above Us */,
			);
		};
/* End PBXProject section */

/* Begin PBXResourcesBuildPhase section */
		C9C156D51FA4C4D3000D17D7 /* Resources */ = {
			isa = PBXResourcesBuildPhase;
			buildActionMask = 2147483647;
			files = (
				C92CB00B1FA89320009FD198 /* The Planet Neptune.mp3 in Resources */,
				C92CB0281FA95664009FD198 /* Umbriel the Moon.mp3 in Resources */,
				C92CB0311FA957AC009FD198 /* Enceladus the Moon.mp3 in Resources */,
				C92CB0081FA89320009FD198 /* The Planet Mars.mp3 in Resources */,
				C92CB01F1FA94970009FD198 /* Triton the Moon.mp3 in Resources */,
				B8CBF4201FA691AA0029646D /* LaunchScreen.storyboard in Resources */,
				C92CB0141FA8BD57009FD198 /* Charon the Moon.mp3 in Resources */,
				C939F7DB1FA6D8E00041E73F /* The Sun.mp3 in Resources */,
				C92CB02F1FA957AC009FD198 /* Mimas the Moon.mp3 in Resources */,
				C92CB00D1FA89320009FD198 /* Pluto's Still A Planet In My Heart.mp3 in Resources */,
				C92CB00C1FA89320009FD198 /* The Planet Uranus.mp3 in Resources */,
				C92CB0301FA957AC009FD198 /* Iapetus the Moon.mp3 in Resources */,
				C92CB0261FA95664009FD198 /* Miranda the Moon.mp3 in Resources */,
				C92CB01C1FA94882009FD198 /* Callisto the Moon.mp3 in Resources */,
				C92CB00A1FA89320009FD198 /* The Planet Saturn.mp3 in Resources */,
				C92CAFFE1FA89103009FD198 /* The Planet Venus.mp3 in Resources */,
				C92CB02E1FA957AC009FD198 /* Titan the Moon.mp3 in Resources */,
				C92CB0071FA89320009FD198 /* The Planet Earth.mp3 in Resources */,
				C92CB0181FA9466E009FD198 /* Io the Moon.mp3 in Resources */,
				B8CBF41F1FA691AA0029646D /* Main.storyboard in Resources */,
				C92CB0251FA95664009FD198 /* Titania the Moon.mp3 in Resources */,
				C92CB0091FA89320009FD198 /* The Planet Jupiter.mp3 in Resources */,
				C92CB01D1FA94885009FD198 /* Ganymede the Moon.mp3 in Resources */,
				C92CB0111FA8BCCD009FD198 /* Deimos the Moon.mp3 in Resources */,
				C92CB0271FA95664009FD198 /* Oberon the Moon.mp3 in Resources */,
				C92CB0151FA8BD5C009FD198 /* Phobos the Moon.mp3 in Resources */,
				C92CB00F1FA8BC98009FD198 /* Luna the Moon.mp3 in Resources */,
				C96368401FA663E700E11D2E /* art.scnassets in Resources */,
				C92CAFFF1FA89108009FD198 /* The Planet Mercury.mp3 in Resources */,
				C92CB0191FA9466E009FD198 /* Europa the Moon.mp3 in Resources */,
				C9443A4A1FBF17A3007E3C4C /* Assets.xcassets in Resources */,
				C92CB0291FA95664009FD198 /* Ariel the Moon.mp3 in Resources */,
			);
			runOnlyForDeploymentPostprocessing = 0;
		};
/* End PBXResourcesBuildPhase section */

/* Begin PBXSourcesBuildPhase section */
		C9C156D31FA4C4D3000D17D7 /* Sources */ = {
			isa = PBXSourcesBuildPhase;
			buildActionMask = 2147483647;
			files = (
				C9C156DD1FA4C4D3000D17D7 /* ViewController.swift in Sources */,
				C9C156DB1FA4C4D3000D17D7 /* AppDelegate.swift in Sources */,
			);
			runOnlyForDeploymentPostprocessing = 0;
		};
/* End PBXSourcesBuildPhase section */

/* Begin XCBuildConfiguration section */
		C9C156E71FA4C4D3000D17D7 /* Debug */ = {
			isa = XCBuildConfiguration;
			buildSettings = {
				ALWAYS_SEARCH_USER_PATHS = NO;
				CLANG_ANALYZER_NONNULL = YES;
				CLANG_ANALYZER_NUMBER_OBJECT_CONVERSION = YES_AGGRESSIVE;
				CLANG_CXX_LANGUAGE_STANDARD = "gnu++14";
				CLANG_CXX_LIBRARY = "libc++";
				CLANG_ENABLE_MODULES = YES;
				CLANG_ENABLE_OBJC_ARC = YES;
				CLANG_WARN_BLOCK_CAPTURE_AUTORELEASING = YES;
				CLANG_WARN_BOOL_CONVERSION = YES;
				CLANG_WARN_COMMA = YES;
				CLANG_WARN_CONSTANT_CONVERSION = YES;
				CLANG_WARN_DIRECT_OBJC_ISA_USAGE = YES_ERROR;
				CLANG_WARN_DOCUMENTATION_COMMENTS = YES;
				CLANG_WARN_EMPTY_BODY = YES;
				CLANG_WARN_ENUM_CONVERSION = YES;
				CLANG_WARN_INFINITE_RECURSION = YES;
				CLANG_WARN_INT_CONVERSION = YES;
				CLANG_WARN_NON_LITERAL_NULL_CONVERSION = YES;
				CLANG_WARN_OBJC_LITERAL_CONVERSION = YES;
				CLANG_WARN_OBJC_ROOT_CLASS = YES_ERROR;
				CLANG_WARN_RANGE_LOOP_ANALYSIS = YES;
				CLANG_WARN_STRICT_PROTOTYPES = YES;
				CLANG_WARN_SUSPICIOUS_MOVE = YES;
				CLANG_WARN_UNGUARDED_AVAILABILITY = YES_AGGRESSIVE;
				CLANG_WARN_UNREACHABLE_CODE = YES;
				CLANG_WARN__DUPLICATE_METHOD_MATCH = YES;
				CODE_SIGN_IDENTITY = "iPhone Developer";
				COPY_PHASE_STRIP = NO;
				DEBUG_INFORMATION_FORMAT = dwarf;
				ENABLE_STRICT_OBJC_MSGSEND = YES;
				ENABLE_TESTABILITY = YES;
				GCC_C_LANGUAGE_STANDARD = gnu11;
				GCC_DYNAMIC_NO_PIC = NO;
				GCC_NO_COMMON_BLOCKS = YES;
				GCC_OPTIMIZATION_LEVEL = 0;
				GCC_PREPROCESSOR_DEFINITIONS = (
					"DEBUG=1",
					"$(inherited)",
				);
				GCC_WARN_64_TO_32_BIT_CONVERSION = YES;
				GCC_WARN_ABOUT_RETURN_TYPE = YES_ERROR;
				GCC_WARN_UNDECLARED_SELECTOR = YES;
				GCC_WARN_UNINITIALIZED_AUTOS = YES_AGGRESSIVE;
				GCC_WARN_UNUSED_FUNCTION = YES;
				GCC_WARN_UNUSED_VARIABLE = YES;
				IPHONEOS_DEPLOYMENT_TARGET = 11.3;
				MTL_ENABLE_DEBUG_INFO = YES;
				ONLY_ACTIVE_ARCH = YES;
				SDKROOT = iphoneos;
				SWIFT_ACTIVE_COMPILATION_CONDITIONS = DEBUG;
				SWIFT_OPTIMIZATION_LEVEL = "-Onone";
			};
			name = Debug;
		};
		C9C156E81FA4C4D3000D17D7 /* Release */ = {
			isa = XCBuildConfiguration;
			buildSettings = {
				ALWAYS_SEARCH_USER_PATHS = NO;
				CLANG_ANALYZER_NONNULL = YES;
				CLANG_ANALYZER_NUMBER_OBJECT_CONVERSION = YES_AGGRESSIVE;
				CLANG_CXX_LANGUAGE_STANDARD = "gnu++14";
				CLANG_CXX_LIBRARY = "libc++";
				CLANG_ENABLE_MODULES = YES;
				CLANG_ENABLE_OBJC_ARC = YES;
				CLANG_WARN_BLOCK_CAPTURE_AUTORELEASING = YES;
				CLANG_WARN_BOOL_CONVERSION = YES;
				CLANG_WARN_COMMA = YES;
				CLANG_WARN_CONSTANT_CONVERSION = YES;
				CLANG_WARN_DIRECT_OBJC_ISA_USAGE = YES_ERROR;
				CLANG_WARN_DOCUMENTATION_COMMENTS = YES;
				CLANG_WARN_EMPTY_BODY = YES;
				CLANG_WARN_ENUM_CONVERSION = YES;
				CLANG_WARN_INFINITE_RECURSION = YES;
				CLANG_WARN_INT_CONVERSION = YES;
				CLANG_WARN_NON_LITERAL_NULL_CONVERSION = YES;
				CLANG_WARN_OBJC_LITERAL_CONVERSION = YES;
				CLANG_WARN_OBJC_ROOT_CLASS = YES_ERROR;
				CLANG_WARN_RANGE_LOOP_ANALYSIS = YES;
				CLANG_WARN_STRICT_PROTOTYPES = YES;
				CLANG_WARN_SUSPICIOUS_MOVE = YES;
				CLANG_WARN_UNGUARDED_AVAILABILITY = YES_AGGRESSIVE;
				CLANG_WARN_UNREACHABLE_CODE = YES;
				CLANG_WARN__DUPLICATE_METHOD_MATCH = YES;
				CODE_SIGN_IDENTITY = "iPhone Developer";
				COPY_PHASE_STRIP = NO;
				DEBUG_INFORMATION_FORMAT = "dwarf-with-dsym";
				ENABLE_NS_ASSERTIONS = NO;
				ENABLE_STRICT_OBJC_MSGSEND = YES;
				GCC_C_LANGUAGE_STANDARD = gnu11;
				GCC_NO_COMMON_BLOCKS = YES;
				GCC_WARN_64_TO_32_BIT_CONVERSION = YES;
				GCC_WARN_ABOUT_RETURN_TYPE = YES_ERROR;
				GCC_WARN_UNDECLARED_SELECTOR = YES;
				GCC_WARN_UNINITIALIZED_AUTOS = YES_AGGRESSIVE;
				GCC_WARN_UNUSED_FUNCTION = YES;
				GCC_WARN_UNUSED_VARIABLE = YES;
				IPHONEOS_DEPLOYMENT_TARGET = 11.3;
				MTL_ENABLE_DEBUG_INFO = NO;
				SDKROOT = iphoneos;
				SWIFT_OPTIMIZATION_LEVEL = "-Owholemodule";
				VALIDATE_PRODUCT = YES;
			};
			name = Release;
		};
		C9C156EA1FA4C4D3000D17D7 /* Debug */ = {
			isa = XCBuildConfiguration;
			buildSettings = {
				ASSETCATALOG_COMPILER_APPICON_NAME = AppIcon;
				CODE_SIGN_STYLE = Automatic;
				CURRENT_PROJECT_VERSION = 2;
				DEVELOPMENT_TEAM = W82Y7WX43R;
				INFOPLIST_FILE = "The Big Sky Above Us/Info.plist";
				LD_RUNPATH_SEARCH_PATHS = "$(inherited) @executable_path/Frameworks";
				MARKETING_VERSION = 2.0;
				PRODUCT_BUNDLE_IDENTIFIER = "com.Near-Future-Marketing.The-Big-Sky-Above-Us";
				PRODUCT_NAME = "$(TARGET_NAME)";
				SWIFT_VERSION = 5.0;
				TARGETED_DEVICE_FAMILY = "1,2";
			};
			name = Debug;
		};
		C9C156EB1FA4C4D3000D17D7 /* Release */ = {
			isa = XCBuildConfiguration;
			buildSettings = {
				ASSETCATALOG_COMPILER_APPICON_NAME = AppIcon;
				CODE_SIGN_STYLE = Automatic;
				CURRENT_PROJECT_VERSION = 2;
				DEVELOPMENT_TEAM = W82Y7WX43R;
				INFOPLIST_FILE = "The Big Sky Above Us/Info.plist";
				LD_RUNPATH_SEARCH_PATHS = "$(inherited) @executable_path/Frameworks";
				MARKETING_VERSION = 2.0;
				PRODUCT_BUNDLE_IDENTIFIER = "com.Near-Future-Marketing.The-Big-Sky-Above-Us";
				PRODUCT_NAME = "$(TARGET_NAME)";
				SWIFT_VERSION = 5.0;
				TARGETED_DEVICE_FAMILY = "1,2";
			};
			name = Release;
		};
/* End XCBuildConfiguration section */

/* Begin XCConfigurationList section */
		C9C156D21FA4C4D3000D17D7 /* Build configuration list for PBXProject "The Big Sky Above Us" */ = {
			isa = XCConfigurationList;
			buildConfigurations = (
				C9C156E71FA4C4D3000D17D7 /* Debug */,
				C9C156E81FA4C4D3000D17D7 /* Release */,
			);
			defaultConfigurationIsVisible = 0;
			defaultConfigurationName = Release;
		};
		C9C156E91FA4C4D3000D17D7 /* Build configuration list for PBXNativeTarget "The Big Sky Above Us" */ = {
			isa = XCConfigurationList;
			buildConfigurations = (
				C9C156EA1FA4C4D3000D17D7 /* Debug */,
				C9C156EB1FA4C4D3000D17D7 /* Release */,
			);
			defaultConfigurationIsVisible = 0;
			defaultConfigurationName = Release;
		};
/* End XCConfigurationList section */
	};
	rootObject = C9C156CF1FA4C4D3000D17D7 /* Project object */;
}
